
Microsoft Visual Studio Solution File, Format Version 12.00
# Visual Studio Version 17
VisualStudioVersion = 17.8.34511.84
MinimumVisualStudioVersion = 10.0.40219.1
Project("{FAE04EC0-301F-11D3-BF4B-00C04F79EFBC}") = "employee_crud", "employee_crud.csproj", "{E65FDEC6-0F93-4AE6-A66B-2252C23BB911}"
EndProject
Global
	GlobalSection(SolutionConfigurationPlatforms) = preSolution
		Debug|Any CPU = Debug|Any CPU
		Release|Any CPU = Release|Any CPU
	EndGlobalSection
	GlobalSection(ProjectConfigurationPlatforms) = postSolution
		{E65FDEC6-0F93-4AE6-A66B-2252C23BB911}.Debug|Any CPU.ActiveCfg = Debug|Any CPU
		{E65FDEC6-0F93-4AE6-A66B-2252C23BB911}.Debug|Any CPU.Build.0 = Debug|Any CPU
		{E65FDEC6-0F93-4AE6-A66B-2252C23BB911}.Release|Any CPU.ActiveCfg = Release|Any CPU
		{E65FDEC6-0F93-4AE6-A66B-2252C23BB911}.Release|Any CPU.Build.0 = Release|Any CPU
	EndGlobalSection
	GlobalSection(SolutionProperties) = preSolution
		HideSolutionNode = FALSE
	EndGlobalSection
	GlobalSection(ExtensibilityGlobals) = postSolution
		SolutionGuid = {2F1255AE-1D38-43E4-9727-3DED6C5235D7}
	EndGlobalSection
EndGlobal
